
Microsoft Visual Studio Solution File, Format Version 12.00
# Visual Studio Version 17
VisualStudioVersion = 17.1.32421.90
MinimumVisualStudioVersion = 10.0.40219.1
Project("{9A19103F-16F7-4668-BE54-9A1E7A4F7556}") = "laboratoareBalog", "laboratoareBalog\laboratoareBalog.csproj", "{0E63CDCF-B3F6-4406-8159-706AB437BB18}"
EndProject
Project("{9A19103F-16F7-4668-BE54-9A1E7A4F7556}") = "10_11", "10_11\10_11.csproj", "{7ED15EC9-CECB-4CD5-A3AA-871B7FB3E505}"
EndProject
Project("{FAE04EC0-301F-11D3-BF4B-00C04F79EFBC}") = "10_18", "10_18\10_18.csproj", "{8BF27CB4-244B-47D2-8F3C-37DC7EC3BE6E}"
EndProject
Global
	GlobalSection(SolutionConfigurationPlatforms) = preSolution
		Debug|Any CPU = Debug|Any CPU
		Release|Any CPU = Release|Any CPU
	EndGlobalSection
	GlobalSection(ProjectConfigurationPlatforms) = postSolution
		{0E63CDCF-B3F6-4406-8159-706AB437BB18}.Debug|Any CPU.ActiveCfg = Debug|Any CPU
		{0E63CDCF-B3F6-4406-8159-706AB437BB18}.Debug|Any CPU.Build.0 = Debug|Any CPU
		{0E63CDCF-B3F6-4406-8159-706AB437BB18}.Release|Any CPU.ActiveCfg = Release|Any CPU
		{0E63CDCF-B3F6-4406-8159-706AB437BB18}.Release|Any CPU.Build.0 = Release|Any CPU
		{7ED15EC9-CECB-4CD5-A3AA-871B7FB3E505}.Debug|Any CPU.ActiveCfg = Debug|Any CPU
		{7ED15EC9-CECB-4CD5-A3AA-871B7FB3E505}.Debug|Any CPU.Build.0 = Debug|Any CPU
		{7ED15EC9-CECB-4CD5-A3AA-871B7FB3E505}.Release|Any CPU.ActiveCfg = Release|Any CPU
		{7ED15EC9-CECB-4CD5-A3AA-871B7FB3E505}.Release|Any CPU.Build.0 = Release|Any CPU
		{8BF27CB4-244B-47D2-8F3C-37DC7EC3BE6E}.Debug|Any CPU.ActiveCfg = Debug|Any CPU
		{8BF27CB4-244B-47D2-8F3C-37DC7EC3BE6E}.Debug|Any CPU.Build.0 = Debug|Any CPU
		{8BF27CB4-244B-47D2-8F3C-37DC7EC3BE6E}.Release|Any CPU.ActiveCfg = Release|Any CPU
		{8BF27CB4-244B-47D2-8F3C-37DC7EC3BE6E}.Release|Any CPU.Build.0 = Release|Any CPU
	EndGlobalSection
	GlobalSection(SolutionProperties) = preSolution
		HideSolutionNode = FALSE
	EndGlobalSection
	GlobalSection(ExtensibilityGlobals) = postSolution
		SolutionGuid = {944C6252-7DB4-4BDC-9D82-03F09993001B}
	EndGlobalSection
EndGlobal
